<?xml version="1.0" encoding="utf-8"?>
<Project ToolsVersion="4.0" xmlns="http://schemas.microsoft.com/developer/msbuild/2003">
  <ItemGroup>
    <Filter Include="Scenes">
      <UniqueIdentifier>{dda50bc4-d278-4362-bbb8-df7d48862102}</UniqueIdentifier>
    </Filter>
    <Filter Include="Contents">
      <UniqueIdentifier>{ff691124-733d-437c-affa-886da1d15ddf}</UniqueIdentifier>
    </Filter>
    <Filter Include="Script">
      <UniqueIdentifier>{58f3e09d-28ca-412f-ac55-d30bd4afae88}</UniqueIdentifier>
    </Filter>
  </ItemGroup>
  <ItemGroup>
    <ClInclude Include="wbLoadScene.h">
      <Filter>Scenes</Filter>
    </ClInclude>
    <ClInclude Include="wbPlayScene.h">
      <Filter>Scenes</Filter>
    </ClInclude>
    <ClInclude Include="wbPlayer.h">
      <Filter>Contents</Filter>
    </ClInclude>
    <ClInclude Include="wbTitleScene.h">
      <Filter>Scenes</Filter>
    </ClInclude>
    <ClInclude Include="wbLoadResources.h" />
    <ClInclude Include="wbPlayerScript.h">
      <Filter>Script</Filter>
    </ClInclude>
    <ClInclude Include="wbCat.h">
      <Filter>Contents</Filter>
    </ClInclude>
    <ClInclude Include="wbCatScript.h">
      <Filter>Script</Filter>
    </ClInclude>
  </ItemGroup>
  <ItemGroup>
    <ClCompile Include="wbPlayScene.cpp">
      <Filter>Scenes</Filter>
    </ClCompile>
    <ClCompile Include="wbPlayer.cpp">
      <Filter>Contents</Filter>
    </ClCompile>
    <ClCompile Include="wbTitleScene.cpp">
      <Filter>Scenes</Filter>
    </ClCompile>
    <ClCompile Include="wbPlayerScript.cpp">
      <Filter>Script</Filter>
    </ClCompile>
    <ClCompile Include="wbCat.cpp">
      <Filter>Contents</Filter>
    </ClCompile>
    <ClCompile Include="wgCatScript.cpp">
      <Filter>Script</Filter>
    </ClCompile>
  </ItemGroup>
</Project>